{
  "version": 4,
  "terraform_version": "1.9.8",
  "serial": 66,
  "lineage": "aa5abf1d-b8f1-71a7-f7d6-cabe31b51de1",
  "outputs": {
    "k8s_cluster_ips": {
      "value": [
        "192.168.100.209",
        "192.168.100.59"
      ],
      "type": [
        "tuple",
        [
          "string",
          "string"
        ]
      ]
    }
  },
  "resources": [
    {
      "mode": "data",
      "type": "template_file",
      "name": "network_config",
      "provider": "provider[\"registry.terraform.io/hashicorp/template\"]",
      "instances": [
        {
          "index_key": 0,
          "schema_version": 0,
          "attributes": {
            "filename": null,
            "id": "bcfb7206d4010e07ad6c96e98f4bc3a12b6b3cc1eb45e32b7da63bc0a848c529",
            "rendered": "version: 2\nethernets:\n  ens3:\n    dhcp4: true",
            "template": "version: 2\nethernets:\n  ens3:\n    dhcp4: true",
            "vars": null
          },
          "sensitive_attributes": []
        },
        {
          "index_key": 1,
          "schema_version": 0,
          "attributes": {
            "filename": null,
            "id": "bcfb7206d4010e07ad6c96e98f4bc3a12b6b3cc1eb45e32b7da63bc0a848c529",
            "rendered": "version: 2\nethernets:\n  ens3:\n    dhcp4: true",
            "template": "version: 2\nethernets:\n  ens3:\n    dhcp4: true",
            "vars": null
          },
          "sensitive_attributes": []
        }
      ]
    },
    {
      "mode": "data",
      "type": "template_file",
      "name": "user_data",
      "provider": "provider[\"registry.terraform.io/hashicorp/template\"]",
      "instances": [
        {
          "index_key": 0,
          "schema_version": 0,
          "attributes": {
            "filename": null,
            "id": "fcbab1f04409d5370e1bb307d544e06ceadff33f01f086e3b7fa12865dd47bea",
            "rendered": "#cloud-config\n\nhostname: \"k8s-node-master\"\n\nusers:\n  - name: \"ubuntu\"\n    sudo: ['ALL=(ALL) NOPASSWD:ALL']\n    groups: sudo\n    shell: /bin/bash                 \n    ssh-authorized-keys:\n      - ssh-rsa AAAAB3NzaC1yc2EAAAADAQABAAABgQDD/Vv9DtCPU3ZJoEQG/v7UXUhvWJXXm0z1fiNAY6WuemCWGSHfZhI7r/wnKd072GpZolWz5fNrZBB6nbfvJBCmyHSj9O1lpqwrMgpLrS8I5GvFZTQAlKZAEqblTgnEU/R/3cxn1KHYOaU4aphx1ly2mCCizhtYoha9lKJ4YEMr/WWZvtBRA9/vOvkDCgN66cXO0ZSWfI+2Lb/B3LavsiDiBfydcNx8ij8CJxSS9mKqn6InV/Sssk3j9gyBIIgGP0rmRuSwTHxVvLz66+NpHUscX6r6w92EAevEFomcokq7j7/T1llRIGRc9qcloXMYKPNO8/BOahfKCmn9GW4nRbvq7s+AXbF+zdil458/w3Bg+mkYeLzbK+DEZXPc3nexLHTD/hXOGiFtPaNA1RGSNFzraJ/1/cAFaXlXYb/VsmaPa2nT6RM/Ncu8Hz1Pwv+8OX4zmjD2sHbanXOfLhuKrbvvPon6bQ/UDrzagozCHbWyMHcB5wpj5G75aMFVo8lODoU= dylan@thinkpad-t410i\n\ngrowpart:\n  mode: auto\n  devices: ['/']\n  ignore_growroot_disabled: false\n\n# Install helm\npackage_update: true\npackages:\n  - apt-transport-https\n  - ca-certificates\n  - curl\n  - gnupg\n  - software-properties-common\n\nruncmd:\n  - curl https://baltocdn.com/helm/signing.asc | apt-key add -\n  - echo \"deb https://baltocdn.com/helm/stable/debian/ all main\" | tee /etc/apt/sources.list.d/helm-stable-debian.list\n  - apt-get update\n  - apt-get install -y helm",
            "template": "#cloud-config\n\nhostname: \"${hostname}\"\n\nusers:\n  - name: \"${user}\"\n    sudo: ['ALL=(ALL) NOPASSWD:ALL']\n    groups: sudo\n    shell: /bin/bash                 \n    ssh-authorized-keys:\n      - ${ssh_authorized_keys}\n\ngrowpart:\n  mode: auto\n  devices: ['/']\n  ignore_growroot_disabled: false\n\n# Install helm\npackage_update: true\npackages:\n  - apt-transport-https\n  - ca-certificates\n  - curl\n  - gnupg\n  - software-properties-common\n\nruncmd:\n  - curl https://baltocdn.com/helm/signing.asc | apt-key add -\n  - echo \"deb https://baltocdn.com/helm/stable/debian/ all main\" | tee /etc/apt/sources.list.d/helm-stable-debian.list\n  - apt-get update\n  - apt-get install -y helm",
            "vars": {
              "hostname": "k8s-node-master",
              "ssh_authorized_keys": "ssh-rsa AAAAB3NzaC1yc2EAAAADAQABAAABgQDD/Vv9DtCPU3ZJoEQG/v7UXUhvWJXXm0z1fiNAY6WuemCWGSHfZhI7r/wnKd072GpZolWz5fNrZBB6nbfvJBCmyHSj9O1lpqwrMgpLrS8I5GvFZTQAlKZAEqblTgnEU/R/3cxn1KHYOaU4aphx1ly2mCCizhtYoha9lKJ4YEMr/WWZvtBRA9/vOvkDCgN66cXO0ZSWfI+2Lb/B3LavsiDiBfydcNx8ij8CJxSS9mKqn6InV/Sssk3j9gyBIIgGP0rmRuSwTHxVvLz66+NpHUscX6r6w92EAevEFomcokq7j7/T1llRIGRc9qcloXMYKPNO8/BOahfKCmn9GW4nRbvq7s+AXbF+zdil458/w3Bg+mkYeLzbK+DEZXPc3nexLHTD/hXOGiFtPaNA1RGSNFzraJ/1/cAFaXlXYb/VsmaPa2nT6RM/Ncu8Hz1Pwv+8OX4zmjD2sHbanXOfLhuKrbvvPon6bQ/UDrzagozCHbWyMHcB5wpj5G75aMFVo8lODoU= dylan@thinkpad-t410i",
              "user": "ubuntu"
            }
          },
          "sensitive_attributes": []
        },
        {
          "index_key": 1,
          "schema_version": 0,
          "attributes": {
            "filename": null,
            "id": "038590436ed07dbe18bc311461d4abe750a01c596543545edae3d1eb94e61d67",
            "rendered": "#cloud-config\n\nhostname: \"k8s-node-1\"\n\nusers:\n  - name: \"ubuntu\"\n    sudo: ['ALL=(ALL) NOPASSWD:ALL']\n    groups: sudo\n    shell: /bin/bash                 \n    ssh-authorized-keys:\n      - ssh-rsa AAAAB3NzaC1yc2EAAAADAQABAAABgQDD/Vv9DtCPU3ZJoEQG/v7UXUhvWJXXm0z1fiNAY6WuemCWGSHfZhI7r/wnKd072GpZolWz5fNrZBB6nbfvJBCmyHSj9O1lpqwrMgpLrS8I5GvFZTQAlKZAEqblTgnEU/R/3cxn1KHYOaU4aphx1ly2mCCizhtYoha9lKJ4YEMr/WWZvtBRA9/vOvkDCgN66cXO0ZSWfI+2Lb/B3LavsiDiBfydcNx8ij8CJxSS9mKqn6InV/Sssk3j9gyBIIgGP0rmRuSwTHxVvLz66+NpHUscX6r6w92EAevEFomcokq7j7/T1llRIGRc9qcloXMYKPNO8/BOahfKCmn9GW4nRbvq7s+AXbF+zdil458/w3Bg+mkYeLzbK+DEZXPc3nexLHTD/hXOGiFtPaNA1RGSNFzraJ/1/cAFaXlXYb/VsmaPa2nT6RM/Ncu8Hz1Pwv+8OX4zmjD2sHbanXOfLhuKrbvvPon6bQ/UDrzagozCHbWyMHcB5wpj5G75aMFVo8lODoU= dylan@thinkpad-t410i\n\ngrowpart:\n  mode: auto\n  devices: ['/']\n  ignore_growroot_disabled: false\n\n# Install helm\npackage_update: true\npackages:\n  - apt-transport-https\n  - ca-certificates\n  - curl\n  - gnupg\n  - software-properties-common\n\nruncmd:\n  - curl https://baltocdn.com/helm/signing.asc | apt-key add -\n  - echo \"deb https://baltocdn.com/helm/stable/debian/ all main\" | tee /etc/apt/sources.list.d/helm-stable-debian.list\n  - apt-get update\n  - apt-get install -y helm",
            "template": "#cloud-config\n\nhostname: \"${hostname}\"\n\nusers:\n  - name: \"${user}\"\n    sudo: ['ALL=(ALL) NOPASSWD:ALL']\n    groups: sudo\n    shell: /bin/bash                 \n    ssh-authorized-keys:\n      - ${ssh_authorized_keys}\n\ngrowpart:\n  mode: auto\n  devices: ['/']\n  ignore_growroot_disabled: false\n\n# Install helm\npackage_update: true\npackages:\n  - apt-transport-https\n  - ca-certificates\n  - curl\n  - gnupg\n  - software-properties-common\n\nruncmd:\n  - curl https://baltocdn.com/helm/signing.asc | apt-key add -\n  - echo \"deb https://baltocdn.com/helm/stable/debian/ all main\" | tee /etc/apt/sources.list.d/helm-stable-debian.list\n  - apt-get update\n  - apt-get install -y helm",
            "vars": {
              "hostname": "k8s-node-1",
              "ssh_authorized_keys": "ssh-rsa AAAAB3NzaC1yc2EAAAADAQABAAABgQDD/Vv9DtCPU3ZJoEQG/v7UXUhvWJXXm0z1fiNAY6WuemCWGSHfZhI7r/wnKd072GpZolWz5fNrZBB6nbfvJBCmyHSj9O1lpqwrMgpLrS8I5GvFZTQAlKZAEqblTgnEU/R/3cxn1KHYOaU4aphx1ly2mCCizhtYoha9lKJ4YEMr/WWZvtBRA9/vOvkDCgN66cXO0ZSWfI+2Lb/B3LavsiDiBfydcNx8ij8CJxSS9mKqn6InV/Sssk3j9gyBIIgGP0rmRuSwTHxVvLz66+NpHUscX6r6w92EAevEFomcokq7j7/T1llRIGRc9qcloXMYKPNO8/BOahfKCmn9GW4nRbvq7s+AXbF+zdil458/w3Bg+mkYeLzbK+DEZXPc3nexLHTD/hXOGiFtPaNA1RGSNFzraJ/1/cAFaXlXYb/VsmaPa2nT6RM/Ncu8Hz1Pwv+8OX4zmjD2sHbanXOfLhuKrbvvPon6bQ/UDrzagozCHbWyMHcB5wpj5G75aMFVo8lODoU= dylan@thinkpad-t410i",
              "user": "ubuntu"
            }
          },
          "sensitive_attributes": []
        }
      ]
    },
    {
      "mode": "managed",
      "type": "libvirt_cloudinit_disk",
      "name": "commoninit",
      "provider": "provider[\"registry.terraform.io/dmacvicar/libvirt\"]",
      "instances": [
        {
          "index_key": 0,
          "schema_version": 0,
          "attributes": {
            "id": "/mnt/data_lvm/k8s_pool/cloudinit-000.iso;c0c346d4-a6bb-48c0-98d0-91c7bb9e582e",
            "meta_data": "",
            "name": "cloudinit-000.iso",
            "network_config": "version: 2\nethernets:\n  ens3:\n    dhcp4: true",
            "pool": "k8s_pool",
            "user_data": "#cloud-config\n\nhostname: \"k8s-node-master\"\n\nusers:\n  - name: \"ubuntu\"\n    sudo: ['ALL=(ALL) NOPASSWD:ALL']\n    groups: sudo\n    shell: /bin/bash                 \n    ssh-authorized-keys:\n      - ssh-rsa AAAAB3NzaC1yc2EAAAADAQABAAABgQDD/Vv9DtCPU3ZJoEQG/v7UXUhvWJXXm0z1fiNAY6WuemCWGSHfZhI7r/wnKd072GpZolWz5fNrZBB6nbfvJBCmyHSj9O1lpqwrMgpLrS8I5GvFZTQAlKZAEqblTgnEU/R/3cxn1KHYOaU4aphx1ly2mCCizhtYoha9lKJ4YEMr/WWZvtBRA9/vOvkDCgN66cXO0ZSWfI+2Lb/B3LavsiDiBfydcNx8ij8CJxSS9mKqn6InV/Sssk3j9gyBIIgGP0rmRuSwTHxVvLz66+NpHUscX6r6w92EAevEFomcokq7j7/T1llRIGRc9qcloXMYKPNO8/BOahfKCmn9GW4nRbvq7s+AXbF+zdil458/w3Bg+mkYeLzbK+DEZXPc3nexLHTD/hXOGiFtPaNA1RGSNFzraJ/1/cAFaXlXYb/VsmaPa2nT6RM/Ncu8Hz1Pwv+8OX4zmjD2sHbanXOfLhuKrbvvPon6bQ/UDrzagozCHbWyMHcB5wpj5G75aMFVo8lODoU= dylan@thinkpad-t410i\n\ngrowpart:\n  mode: auto\n  devices: ['/']\n  ignore_growroot_disabled: false\n\n# Install helm\npackage_update: true\npackages:\n  - apt-transport-https\n  - ca-certificates\n  - curl\n  - gnupg\n  - software-properties-common\n\nruncmd:\n  - curl https://baltocdn.com/helm/signing.asc | apt-key add -\n  - echo \"deb https://baltocdn.com/helm/stable/debian/ all main\" | tee /etc/apt/sources.list.d/helm-stable-debian.list\n  - apt-get update\n  - apt-get install -y helm"
          },
          "sensitive_attributes": [],
          "private": "bnVsbA==",
          "dependencies": [
            "data.template_file.network_config",
            "data.template_file.user_data",
            "libvirt_pool.k8s_pool"
          ]
        },
        {
          "index_key": 1,
          "schema_version": 0,
          "attributes": {
            "id": "/mnt/data_lvm/k8s_pool/cloudinit-001.iso;f4a50597-d43e-42d3-991a-5f92f24a4593",
            "meta_data": "",
            "name": "cloudinit-001.iso",
            "network_config": "version: 2\nethernets:\n  ens3:\n    dhcp4: true",
            "pool": "k8s_pool",
            "user_data": "#cloud-config\n\nhostname: \"k8s-node-1\"\n\nusers:\n  - name: \"ubuntu\"\n    sudo: ['ALL=(ALL) NOPASSWD:ALL']\n    groups: sudo\n    shell: /bin/bash                 \n    ssh-authorized-keys:\n      - ssh-rsa AAAAB3NzaC1yc2EAAAADAQABAAABgQDD/Vv9DtCPU3ZJoEQG/v7UXUhvWJXXm0z1fiNAY6WuemCWGSHfZhI7r/wnKd072GpZolWz5fNrZBB6nbfvJBCmyHSj9O1lpqwrMgpLrS8I5GvFZTQAlKZAEqblTgnEU/R/3cxn1KHYOaU4aphx1ly2mCCizhtYoha9lKJ4YEMr/WWZvtBRA9/vOvkDCgN66cXO0ZSWfI+2Lb/B3LavsiDiBfydcNx8ij8CJxSS9mKqn6InV/Sssk3j9gyBIIgGP0rmRuSwTHxVvLz66+NpHUscX6r6w92EAevEFomcokq7j7/T1llRIGRc9qcloXMYKPNO8/BOahfKCmn9GW4nRbvq7s+AXbF+zdil458/w3Bg+mkYeLzbK+DEZXPc3nexLHTD/hXOGiFtPaNA1RGSNFzraJ/1/cAFaXlXYb/VsmaPa2nT6RM/Ncu8Hz1Pwv+8OX4zmjD2sHbanXOfLhuKrbvvPon6bQ/UDrzagozCHbWyMHcB5wpj5G75aMFVo8lODoU= dylan@thinkpad-t410i\n\ngrowpart:\n  mode: auto\n  devices: ['/']\n  ignore_growroot_disabled: false\n\n# Install helm\npackage_update: true\npackages:\n  - apt-transport-https\n  - ca-certificates\n  - curl\n  - gnupg\n  - software-properties-common\n\nruncmd:\n  - curl https://baltocdn.com/helm/signing.asc | apt-key add -\n  - echo \"deb https://baltocdn.com/helm/stable/debian/ all main\" | tee /etc/apt/sources.list.d/helm-stable-debian.list\n  - apt-get update\n  - apt-get install -y helm"
          },
          "sensitive_attributes": [],
          "private": "bnVsbA==",
          "dependencies": [
            "data.template_file.network_config",
            "data.template_file.user_data",
            "libvirt_pool.k8s_pool"
          ]
        }
      ]
    },
    {
      "mode": "managed",
      "type": "libvirt_domain",
      "name": "k8s_node",
      "provider": "provider[\"registry.terraform.io/dmacvicar/libvirt\"]",
      "instances": [
        {
          "index_key": 0,
          "schema_version": 0,
          "attributes": {
            "arch": "x86_64",
            "autostart": false,
            "boot_device": [],
            "cloudinit": "/mnt/data_lvm/k8s_pool/cloudinit-000.iso;c0c346d4-a6bb-48c0-98d0-91c7bb9e582e",
            "cmdline": null,
            "console": [
              {
                "source_host": "127.0.0.1",
                "source_path": "",
                "source_service": "0",
                "target_port": "0",
                "target_type": "serial",
                "type": "pty"
              },
              {
                "source_host": "127.0.0.1",
                "source_path": "",
                "source_service": "0",
                "target_port": "1",
                "target_type": "virtio",
                "type": "pty"
              }
            ],
            "coreos_ignition": null,
            "cpu": [
              {
                "mode": "host-passthrough"
              }
            ],
            "description": "",
            "disk": [
              {
                "block_device": "",
                "file": "",
                "scsi": false,
                "url": "",
                "volume_id": "/mnt/data_lvm/k8s_pool/k8s-volume-boot-0",
                "wwn": ""
              },
              {
                "block_device": "",
                "file": "",
                "scsi": false,
                "url": "",
                "volume_id": "/mnt/data_lvm/k8s_pool/k8s-volume-data-0",
                "wwn": ""
              }
            ],
            "emulator": "/usr/bin/qemu-system-x86_64",
            "filesystem": [],
            "firmware": null,
            "fw_cfg_name": "opt/com.coreos/config",
            "graphics": [
              {
                "autoport": true,
                "listen_address": "127.0.0.1",
                "listen_type": "address",
                "type": "spice",
                "websocket": 0
              }
            ],
            "id": "1292ce76-4abf-4a7b-8ab5-a81d83fec49a",
            "initrd": "",
            "kernel": "",
            "machine": "pc",
            "memory": 3072,
            "metadata": null,
            "name": "k8s-node-master",
            "network_interface": [
              {
                "addresses": [
                  "192.168.100.209"
                ],
                "bridge": "",
                "hostname": "",
                "mac": "52:54:00:32:23:43",
                "macvtap": "",
                "network_id": "8f9de27a-9287-4cd5-9118-520705e8f254",
                "network_name": "k8s_net",
                "passthrough": "",
                "vepa": "",
                "wait_for_lease": true
              }
            ],
            "nvram": null,
            "qemu_agent": false,
            "running": true,
            "timeouts": null,
            "tpm": [],
            "type": "kvm",
            "vcpu": 2,
            "video": [],
            "xml": []
          },
          "sensitive_attributes": [],
          "private": "eyJlMmJmYjczMC1lY2FhLTExZTYtOGY4OC0zNDM2M2JjN2M0YzAiOnsiY3JlYXRlIjozMDAwMDAwMDAwMDB9fQ==",
          "dependencies": [
            "data.template_file.network_config",
            "data.template_file.user_data",
            "libvirt_cloudinit_disk.commoninit",
            "libvirt_network.k8s_net",
            "libvirt_pool.k8s_pool",
            "libvirt_volume.boot_volume",
            "libvirt_volume.data_volume",
            "libvirt_volume.source_img"
          ]
        },
        {
          "index_key": 1,
          "schema_version": 0,
          "attributes": {
            "arch": "x86_64",
            "autostart": false,
            "boot_device": [],
            "cloudinit": "/mnt/data_lvm/k8s_pool/cloudinit-001.iso;f4a50597-d43e-42d3-991a-5f92f24a4593",
            "cmdline": null,
            "console": [
              {
                "source_host": "127.0.0.1",
                "source_path": "",
                "source_service": "0",
                "target_port": "0",
                "target_type": "serial",
                "type": "pty"
              },
              {
                "source_host": "127.0.0.1",
                "source_path": "",
                "source_service": "0",
                "target_port": "1",
                "target_type": "virtio",
                "type": "pty"
              }
            ],
            "coreos_ignition": null,
            "cpu": [
              {
                "mode": "host-passthrough"
              }
            ],
            "description": "",
            "disk": [
              {
                "block_device": "",
                "file": "",
                "scsi": false,
                "url": "",
                "volume_id": "/mnt/data_lvm/k8s_pool/k8s-volume-boot-1",
                "wwn": ""
              },
              {
                "block_device": "",
                "file": "",
                "scsi": false,
                "url": "",
                "volume_id": "/mnt/data_lvm/k8s_pool/k8s-volume-data-1",
                "wwn": ""
              }
            ],
            "emulator": "/usr/bin/qemu-system-x86_64",
            "filesystem": [],
            "firmware": null,
            "fw_cfg_name": "opt/com.coreos/config",
            "graphics": [
              {
                "autoport": true,
                "listen_address": "127.0.0.1",
                "listen_type": "address",
                "type": "spice",
                "websocket": 0
              }
            ],
            "id": "75fdec10-f87c-45e0-bad1-d528e52e2d1b",
            "initrd": "",
            "kernel": "",
            "machine": "pc",
            "memory": 3072,
            "metadata": null,
            "name": "k8s-node-1",
            "network_interface": [
              {
                "addresses": [
                  "192.168.100.59"
                ],
                "bridge": "",
                "hostname": "",
                "mac": "52:54:00:22:89:5C",
                "macvtap": "",
                "network_id": "8f9de27a-9287-4cd5-9118-520705e8f254",
                "network_name": "k8s_net",
                "passthrough": "",
                "vepa": "",
                "wait_for_lease": true
              }
            ],
            "nvram": null,
            "qemu_agent": false,
            "running": true,
            "timeouts": null,
            "tpm": [],
            "type": "kvm",
            "vcpu": 2,
            "video": [],
            "xml": []
          },
          "sensitive_attributes": [],
          "private": "eyJlMmJmYjczMC1lY2FhLTExZTYtOGY4OC0zNDM2M2JjN2M0YzAiOnsiY3JlYXRlIjozMDAwMDAwMDAwMDB9fQ==",
          "dependencies": [
            "data.template_file.network_config",
            "data.template_file.user_data",
            "libvirt_cloudinit_disk.commoninit",
            "libvirt_network.k8s_net",
            "libvirt_pool.k8s_pool",
            "libvirt_volume.boot_volume",
            "libvirt_volume.data_volume",
            "libvirt_volume.source_img"
          ]
        }
      ]
    },
    {
      "mode": "managed",
      "type": "libvirt_network",
      "name": "k8s_net",
      "provider": "provider[\"registry.terraform.io/dmacvicar/libvirt\"]",
      "instances": [
        {
          "schema_version": 0,
          "attributes": {
            "addresses": [
              "192.168.100.0/24"
            ],
            "autostart": false,
            "bridge": "virbr0",
            "dhcp": [
              {
                "enabled": true
              }
            ],
            "dns": [
              {
                "enabled": true,
                "forwarders": [],
                "hosts": [],
                "local_only": true,
                "srvs": []
              }
            ],
            "dnsmasq_options": [],
            "domain": null,
            "id": "8f9de27a-9287-4cd5-9118-520705e8f254",
            "mode": "nat",
            "mtu": null,
            "name": "k8s_net",
            "routes": [],
            "xml": []
          },
          "sensitive_attributes": [],
          "private": "bnVsbA=="
        }
      ]
    },
    {
      "mode": "managed",
      "type": "libvirt_pool",
      "name": "k8s_pool",
      "provider": "provider[\"registry.terraform.io/dmacvicar/libvirt\"]",
      "instances": [
        {
          "schema_version": 0,
          "attributes": {
            "allocation": 32768,
            "available": 527295545344,
            "capacity": 527295578112,
            "id": "0e119916-4b10-4e94-b69a-07c3385e02a4",
            "name": "k8s_pool",
            "path": null,
            "source": [],
            "target": [
              {
                "path": "/mnt/data_lvm/k8s_pool"
              }
            ],
            "type": "dir",
            "xml": []
          },
          "sensitive_attributes": [],
          "private": "bnVsbA=="
        }
      ]
    },
    {
      "mode": "managed",
      "type": "libvirt_volume",
      "name": "boot_volume",
      "provider": "provider[\"registry.terraform.io/dmacvicar/libvirt\"]",
      "instances": [
        {
          "index_key": 0,
          "schema_version": 0,
          "attributes": {
            "base_volume_id": "/mnt/data_lvm/k8s_pool/source-img-0",
            "base_volume_name": null,
            "base_volume_pool": null,
            "format": "qcow2",
            "id": "/mnt/data_lvm/k8s_pool/k8s-volume-boot-0",
            "name": "k8s-volume-boot-0",
            "pool": "k8s_pool",
            "size": 10737418240,
            "source": null,
            "xml": []
          },
          "sensitive_attributes": [],
          "private": "bnVsbA==",
          "dependencies": [
            "libvirt_pool.k8s_pool",
            "libvirt_volume.source_img"
          ]
        },
        {
          "index_key": 1,
          "schema_version": 0,
          "attributes": {
            "base_volume_id": "/mnt/data_lvm/k8s_pool/source-img-1",
            "base_volume_name": null,
            "base_volume_pool": null,
            "format": "qcow2",
            "id": "/mnt/data_lvm/k8s_pool/k8s-volume-boot-1",
            "name": "k8s-volume-boot-1",
            "pool": "k8s_pool",
            "size": 10737418240,
            "source": null,
            "xml": []
          },
          "sensitive_attributes": [],
          "private": "bnVsbA==",
          "dependencies": [
            "libvirt_pool.k8s_pool",
            "libvirt_volume.source_img"
          ]
        }
      ]
    },
    {
      "mode": "managed",
      "type": "libvirt_volume",
      "name": "data_volume",
      "provider": "provider[\"registry.terraform.io/dmacvicar/libvirt\"]",
      "instances": [
        {
          "index_key": 0,
          "schema_version": 0,
          "attributes": {
            "base_volume_id": null,
            "base_volume_name": null,
            "base_volume_pool": null,
            "format": "qcow2",
            "id": "/mnt/data_lvm/k8s_pool/k8s-volume-data-0",
            "name": "k8s-volume-data-0",
            "pool": "k8s_pool",
            "size": 10737418240,
            "source": null,
            "xml": []
          },
          "sensitive_attributes": [],
          "private": "bnVsbA==",
          "dependencies": [
            "libvirt_pool.k8s_pool"
          ]
        },
        {
          "index_key": 1,
          "schema_version": 0,
          "attributes": {
            "base_volume_id": null,
            "base_volume_name": null,
            "base_volume_pool": null,
            "format": "qcow2",
            "id": "/mnt/data_lvm/k8s_pool/k8s-volume-data-1",
            "name": "k8s-volume-data-1",
            "pool": "k8s_pool",
            "size": 10737418240,
            "source": null,
            "xml": []
          },
          "sensitive_attributes": [],
          "private": "bnVsbA==",
          "dependencies": [
            "libvirt_pool.k8s_pool"
          ]
        }
      ]
    },
    {
      "mode": "managed",
      "type": "libvirt_volume",
      "name": "source_img",
      "provider": "provider[\"registry.terraform.io/dmacvicar/libvirt\"]",
      "instances": [
        {
          "index_key": 0,
          "schema_version": 0,
          "attributes": {
            "base_volume_id": null,
            "base_volume_name": null,
            "base_volume_pool": null,
            "format": "qcow2",
            "id": "/mnt/data_lvm/k8s_pool/source-img-0",
            "name": "source-img-0",
            "pool": "k8s_pool",
            "size": 2361393152,
            "source": "/tmp/ubuntu-22.04-server-cloudimg-amd64.img",
            "xml": []
          },
          "sensitive_attributes": [],
          "private": "bnVsbA==",
          "dependencies": [
            "libvirt_pool.k8s_pool"
          ]
        },
        {
          "index_key": 1,
          "schema_version": 0,
          "attributes": {
            "base_volume_id": null,
            "base_volume_name": null,
            "base_volume_pool": null,
            "format": "qcow2",
            "id": "/mnt/data_lvm/k8s_pool/source-img-1",
            "name": "source-img-1",
            "pool": "k8s_pool",
            "size": 2361393152,
            "source": "/tmp/ubuntu-22.04-server-cloudimg-amd64.img",
            "xml": []
          },
          "sensitive_attributes": [],
          "private": "bnVsbA==",
          "dependencies": [
            "libvirt_pool.k8s_pool"
          ]
        }
      ]
    }
  ],
  "check_results": null
}
